// !$*UTF8*$!
{
	archiveVersion = 1;
	classes = {
	};
	objectVersion = 46;
	objects = {

/* Begin PBXBuildFile section */
		C72A1D8C1C062EB800A3DBB0 /* AppDelegate.swift in Sources */ = {isa = PBXBuildFile; fileRef = C72A1D8B1C062EB800A3DBB0 /* AppDelegate.swift */; };
		C72A1D8E1C062EB800A3DBB0 /* ViewController.swift in Sources */ = {isa = PBXBuildFile; fileRef = C72A1D8D1C062EB800A3DBB0 /* ViewController.swift */; };
		C72A1D911C062EB800A3DBB0 /* Main.storyboard in Resources */ = {isa = PBXBuildFile; fileRef = C72A1D8F1C062EB800A3DBB0 /* Main.storyboard */; };
		C72A1D931C062EB800A3DBB0 /* Assets.xcassets in Resources */ = {isa = PBXBuildFile; fileRef = C72A1D921C062EB800A3DBB0 /* Assets.xcassets */; };
		C72A1D961C062EB800A3DBB0 /* LaunchScreen.storyboard in Resources */ = {isa = PBXBuildFile; fileRef = C72A1D941C062EB800A3DBB0 /* LaunchScreen.storyboard */; };
		C72A1DA11C062EB800A3DBB0 /* MultipeerChatDemoTests.swift in Sources */ = {isa = PBXBuildFile; fileRef = C72A1DA01C062EB800A3DBB0 /* MultipeerChatDemoTests.swift */; };
		C72A1DAC1C062EB800A3DBB0 /* MultipeerChatDemoUITests.swift in Sources */ = {isa = PBXBuildFile; fileRef = C72A1DAB1C062EB800A3DBB0 /* MultipeerChatDemoUITests.swift */; };
		C72A1DBA1C062EF500A3DBB0 /* MultipeerConnectivity.framework in Frameworks */ = {isa = PBXBuildFile; fileRef = C72A1DB91C062EF500A3DBB0 /* MultipeerConnectivity.framework */; };
/* End PBXBuildFile section */

/* Begin PBXContainerItemProxy section */
		C72A1D9D1C062EB800A3DBB0 /* PBXContainerItemProxy */ = {
			isa = PBXContainerItemProxy;
			containerPortal = C72A1D801C062EB800A3DBB0 /* Project object */;
			proxyType = 1;
			remoteGlobalIDString = C72A1D871C062EB800A3DBB0;
			remoteInfo = MultipeerChatDemo;
		};
		C72A1DA81C062EB800A3DBB0 /* PBXContainerItemProxy */ = {
			isa = PBXContainerItemProxy;
			containerPortal = C72A1D801C062EB800A3DBB0 /* Project object */;
			proxyType = 1;
			remoteGlobalIDString = C72A1D871C062EB800A3DBB0;
			remoteInfo = MultipeerChatDemo;
		};
/* End PBXContainerItemProxy section */

/* Begin PBXFileReference section */
		C72A1D881C062EB800A3DBB0 /* MultipeerChatDemo.app */ = {isa = PBXFileReference; explicitFileType = wrapper.application; includeInIndex = 0; path = MultipeerChatDemo.app; sourceTree = BUILT_PRODUCTS_DIR; };
		C72A1D8B1C062EB800A3DBB0 /* AppDelegate.swift */ = {isa = PBXFileReference; lastKnownFileType = sourcecode.swift; path = AppDelegate.swift; sourceTree = "<group>"; };
		C72A1D8D1C062EB800A3DBB0 /* ViewController.swift */ = {isa = PBXFileReference; lastKnownFileType = sourcecode.swift; path = ViewController.swift; sourceTree = "<group>"; };
		C72A1D901C062EB800A3DBB0 /* Base */ = {isa = PBXFileReference; lastKnownFileType = file.storyboard; name = Base; path = Base.lproj/Main.storyboard; sourceTree = "<group>"; };
		C72A1D921C062EB800A3DBB0 /* Assets.xcassets */ = {isa = PBXFileReference; lastKnownFileType = folder.assetcatalog; path = Assets.xcassets; sourceTree = "<group>"; };
		C72A1D951C062EB800A3DBB0 /* Base */ = {isa = PBXFileReference; lastKnownFileType = file.storyboard; name = Base; path = Base.lproj/LaunchScreen.storyboard; sourceTree = "<group>"; };
		C72A1D971C062EB800A3DBB0 /* Info.plist */ = {isa = PBXFileReference; lastKnownFileType = text.plist.xml; path = Info.plist; sourceTree = "<group>"; };
		C72A1D9C1C062EB800A3DBB0 /* MultipeerChatDemoTests.xctest */ = {isa = PBXFileReference; explicitFileType = wrapper.cfbundle; includeInIndex = 0; path = MultipeerChatDemoTests.xctest; sourceTree = BUILT_PRODUCTS_DIR; };
		C72A1DA01C062EB800A3DBB0 /* MultipeerChatDemoTests.swift */ = {isa = PBXFileReference; lastKnownFileType = sourcecode.swift; path = MultipeerChatDemoTests.swift; sourceTree = "<group>"; };
		C72A1DA21C062EB800A3DBB0 /* Info.plist */ = {isa = PBXFileReference; lastKnownFileType = text.plist.xml; path = Info.plist; sourceTree = "<group>"; };
		C72A1DA71C062EB800A3DBB0 /* MultipeerChatDemoUITests.xctest */ = {isa = PBXFileReference; explicitFileType = wrapper.cfbundle; includeInIndex = 0; path = MultipeerChatDemoUITests.xctest; sourceTree = BUILT_PRODUCTS_DIR; };
		C72A1DAB1C062EB800A3DBB0 /* MultipeerChatDemoUITests.swift */ = {isa = PBXFileReference; lastKnownFileType = sourcecode.swift; path = MultipeerChatDemoUITests.swift; sourceTree = "<group>"; };
		C72A1DAD1C062EB800A3DBB0 /* Info.plist */ = {isa = PBXFileReference; lastKnownFileType = text.plist.xml; path = Info.plist; sourceTree = "<group>"; };
		C72A1DB91C062EF500A3DBB0 /* MultipeerConnectivity.framework */ = {isa = PBXFileReference; lastKnownFileType = wrapper.framework; name = MultipeerConnectivity.framework; path = System/Library/Frameworks/MultipeerConnectivity.framework; sourceTree = SDKROOT; };
/* End PBXFileReference section */

/* Begin PBXFrameworksBuildPhase section */
		C72A1D851C062EB800A3DBB0 /* Frameworks */ = {
			isa = PBXFrameworksBuildPhase;
			buildActionMask = 2147483647;
			files = (
				C72A1DBA1C062EF500A3DBB0 /* MultipeerConnectivity.framework in Frameworks */,
			);
			runOnlyForDeploymentPostprocessing = 0;
		};
		C72A1D991C062EB800A3DBB0 /* Frameworks */ = {
			isa = PBXFrameworksBuildPhase;
			buildActionMask = 2147483647;
			files = (
			);
			runOnlyForDeploymentPostprocessing = 0;
		};
		C72A1DA41C062EB800A3DBB0 /* Frameworks */ = {
			isa = PBXFrameworksBuildPhase;
			buildActionMask = 2147483647;
			files = (
			);
			runOnlyForDeploymentPostprocessing = 0;
		};
/* End PBXFrameworksBuildPhase section */

/* Begin PBXGroup section */
		C72A1D7F1C062EB800A3DBB0 = {
			isa = PBXGroup;
			children = (
				C72A1DB91C062EF500A3DBB0 /* MultipeerConnectivity.framework */,
				C72A1D8A1C062EB800A3DBB0 /* MultipeerChatDemo */,
				C72A1D9F1C062EB800A3DBB0 /* MultipeerChatDemoTests */,
				C72A1DAA1C062EB800A3DBB0 /* MultipeerChatDemoUITests */,
				C72A1D891C062EB800A3DBB0 /* Products */,
			);
			sourceTree = "<group>";
		};
		C72A1D891C062EB800A3DBB0 /* Products */ = {
			isa = PBXGroup;
			children = (
				C72A1D881C062EB800A3DBB0 /* MultipeerChatDemo.app */,
				C72A1D9C1C062EB800A3DBB0 /* MultipeerChatDemoTests.xctest */,
				C72A1DA71C062EB800A3DBB0 /* MultipeerChatDemoUITests.xctest */,
			);
			name = Products;
			sourceTree = "<group>";
		};
		C72A1D8A1C062EB800A3DBB0 /* MultipeerChatDemo */ = {
			isa = PBXGroup;
			children = (
				C72A1D8B1C062EB800A3DBB0 /* AppDelegate.swift */,
				C72A1D8D1C062EB800A3DBB0 /* ViewController.swift */,
				C72A1D8F1C062EB800A3DBB0 /* Main.storyboard */,
				C72A1D921C062EB800A3DBB0 /* Assets.xcassets */,
				C72A1D941C062EB800A3DBB0 /* LaunchScreen.storyboard */,
				C72A1D971C062EB800A3DBB0 /* Info.plist */,
			);
			path = MultipeerChatDemo;
			sourceTree = "<group>";
		};
		C72A1D9F1C062EB800A3DBB0 /* MultipeerChatDemoTests */ = {
			isa = PBXGroup;
			children = (
				C72A1DA01C062EB800A3DBB0 /* MultipeerChatDemoTests.swift */,
				C72A1DA21C062EB800A3DBB0 /* Info.plist */,
			);
			path = MultipeerChatDemoTests;
			sourceTree = "<group>";
		};
		C72A1DAA1C062EB800A3DBB0 /* MultipeerChatDemoUITests */ = {
			isa = PBXGroup;
			children = (
				C72A1DAB1C062EB800A3DBB0 /* MultipeerChatDemoUITests.swift */,
				C72A1DAD1C062EB800A3DBB0 /* Info.plist */,
			);
			path = MultipeerChatDemoUITests;
			sourceTree = "<group>";
		};
/* End PBXGroup section */

/* Begin PBXNativeTarget section */
		C72A1D871C062EB800A3DBB0 /* MultipeerChatDemo */ = {
			isa = PBXNativeTarget;
			buildConfigurationList = C72A1DB01C062EB800A3DBB0 /* Build configuration list for PBXNativeTarget "MultipeerChatDemo" */;
			buildPhases = (
				C72A1D841C062EB800A3DBB0 /* Sources */,
				C72A1D851C062EB800A3DBB0 /* Frameworks */,
				C72A1D861C062EB800A3DBB0 /* Resources */,
			);
			buildRules = (
			);
			dependencies = (
			);
			name = MultipeerChatDemo;
			productName = MultipeerChatDemo;
			productReference = C72A1D881C062EB800A3DBB0 /* MultipeerChatDemo.app */;
			productType = "com.apple.product-type.application";
		};
		C72A1D9B1C062EB800A3DBB0 /* MultipeerChatDemoTests */ = {
			isa = PBXNativeTarget;
			buildConfigurationList = C72A1DB31C062EB800A3DBB0 /* Build configuration list for PBXNativeTarget "MultipeerChatDemoTests" */;
			buildPhases = (
				C72A1D981C062EB800A3DBB0 /* Sources */,
				C72A1D991C062EB800A3DBB0 /* Frameworks */,
				C72A1D9A1C062EB800A3DBB0 /* Resources */,
			);
			buildRules = (
			);
			dependencies = (
				C72A1D9E1C062EB800A3DBB0 /* PBXTargetDependency */,
			);
			name = MultipeerChatDemoTests;
			productName = MultipeerChatDemoTests;
			productReference = C72A1D9C1C062EB800A3DBB0 /* MultipeerChatDemoTests.xctest */;
			productType = "com.apple.product-type.bundle.unit-test";
		};
		C72A1DA61C062EB800A3DBB0 /* MultipeerChatDemoUITests */ = {
			isa = PBXNativeTarget;
			buildConfigurationList = C72A1DB61C062EB800A3DBB0 /* Build configuration list for PBXNativeTarget "MultipeerChatDemoUITests" */;
			buildPhases = (
				C72A1DA31C062EB800A3DBB0 /* Sources */,
				C72A1DA41C062EB800A3DBB0 /* Frameworks */,
				C72A1DA51C062EB800A3DBB0 /* Resources */,
			);
			buildRules = (
			);
			dependencies = (
				C72A1DA91C062EB800A3DBB0 /* PBXTargetDependency */,
			);
			name = MultipeerChatDemoUITests;
			productName = MultipeerChatDemoUITests;
			productReference = C72A1DA71C062EB800A3DBB0 /* MultipeerChatDemoUITests.xctest */;
			productType = "com.apple.product-type.bundle.ui-testing";
		};
/* End PBXNativeTarget section */

/* Begin PBXProject section */
		C72A1D801C062EB800A3DBB0 /* Project object */ = {
			isa = PBXProject;
			attributes = {
				LastSwiftUpdateCheck = 0710;
				LastUpgradeCheck = 0710;
				ORGANIZATIONNAME = go;
				TargetAttributes = {
					C72A1D871C062EB800A3DBB0 = {
						CreatedOnToolsVersion = 7.1.1;
						DevelopmentTeam = YZQ5H72H89;
					};
					C72A1D9B1C062EB800A3DBB0 = {
						CreatedOnToolsVersion = 7.1.1;
						DevelopmentTeam = YZQ5H72H89;
						TestTargetID = C72A1D871C062EB800A3DBB0;
					};
					C72A1DA61C062EB800A3DBB0 = {
						CreatedOnToolsVersion = 7.1.1;
						DevelopmentTeam = YZQ5H72H89;
						TestTargetID = C72A1D871C062EB800A3DBB0;
					};
				};
			};
			buildConfigurationList = C72A1D831C062EB800A3DBB0 /* Build configuration list for PBXProject "MultipeerChatDemo" */;
			compatibilityVersion = "Xcode 3.2";
			developmentRegion = English;
			hasScannedForEncodings = 0;
			knownRegions = (
				en,
				Base,
			);
			mainGroup = C72A1D7F1C062EB800A3DBB0;
			productRefGroup = C72A1D891C062EB800A3DBB0 /* Products */;
			projectDirPath = "";
			projectRoot = "";
			targets = (
				C72A1D871C062EB800A3DBB0 /* MultipeerChatDemo */,
				C72A1D9B1C062EB800A3DBB0 /* MultipeerChatDemoTests */,
				C72A1DA61C062EB800A3DBB0 /* MultipeerChatDemoUITests */,
			);
		};
/* End PBXProject section */

/* Begin PBXResourcesBuildPhase section */
		C72A1D861C062EB800A3DBB0 /* Resources */ = {
			isa = PBXResourcesBuildPhase;
			buildActionMask = 2147483647;
			files = (
				C72A1D961C062EB800A3DBB0 /* LaunchScreen.storyboard in Resources */,
				C72A1D931C062EB800A3DBB0 /* Assets.xcassets in Resources */,
				C72A1D911C062EB800A3DBB0 /* Main.storyboard in Resources */,
			);
			runOnlyForDeploymentPostprocessing = 0;
		};
		C72A1D9A1C062EB800A3DBB0 /* Resources */ = {
			isa = PBXResourcesBuildPhase;
			buildActionMask = 2147483647;
			files = (
			);
			runOnlyForDeploymentPostprocessing = 0;
		};
		C72A1DA51C062EB800A3DBB0 /* Resources */ = {
			isa = PBXResourcesBuildPhase;
			buildActionMask = 2147483647;
			files = (
			);
			runOnlyForDeploymentPostprocessing = 0;
		};
/* End PBXResourcesBuildPhase section */

/* Begin PBXSourcesBuildPhase section */
		C72A1D841C062EB800A3DBB0 /* Sources */ = {
			isa = PBXSourcesBuildPhase;
			buildActionMask = 2147483647;
			files = (
				C72A1D8E1C062EB800A3DBB0 /* ViewController.swift in Sources */,
				C72A1D8C1C062EB800A3DBB0 /* AppDelegate.swift in Sources */,
			);
			runOnlyForDeploymentPostprocessing = 0;
		};
		C72A1D981C062EB800A3DBB0 /* Sources */ = {
			isa = PBXSourcesBuildPhase;
			buildActionMask = 2147483647;
			files = (
				C72A1DA11C062EB800A3DBB0 /* MultipeerChatDemoTests.swift in Sources */,
			);
			runOnlyForDeploymentPostprocessing = 0;
		};
		C72A1DA31C062EB800A3DBB0 /* Sources */ = {
			isa = PBXSourcesBuildPhase;
			buildActionMask = 2147483647;
			files = (
				C72A1DAC1C062EB800A3DBB0 /* MultipeerChatDemoUITests.swift in Sources */,
			);
			runOnlyForDeploymentPostprocessing = 0;
		};
/* End PBXSourcesBuildPhase section */

/* Begin PBXTargetDependency section */
		C72A1D9E1C062EB800A3DBB0 /* PBXTargetDependency */ = {
			isa = PBXTargetDependency;
			target = C72A1D871C062EB800A3DBB0 /* MultipeerChatDemo */;
			targetProxy = C72A1D9D1C062EB800A3DBB0 /* PBXContainerItemProxy */;
		};
		C72A1DA91C062EB800A3DBB0 /* PBXTargetDependency */ = {
			isa = PBXTargetDependency;
			target = C72A1D871C062EB800A3DBB0 /* MultipeerChatDemo */;
			targetProxy = C72A1DA81C062EB800A3DBB0 /* PBXContainerItemProxy */;
		};
/* End PBXTargetDependency section */

/* Begin PBXVariantGroup section */
		C72A1D8F1C062EB800A3DBB0 /* Main.storyboard */ = {
			isa = PBXVariantGroup;
			children = (
				C72A1D901C062EB800A3DBB0 /* Base */,
			);
			name = Main.storyboard;
			sourceTree = "<group>";
		};
		C72A1D941C062EB800A3DBB0 /* LaunchScreen.storyboard */ = {
			isa = PBXVariantGroup;
			children = (
				C72A1D951C062EB800A3DBB0 /* Base */,
			);
			name = LaunchScreen.storyboard;
			sourceTree = "<group>";
		};
/* End PBXVariantGroup section */

/* Begin XCBuildConfiguration section */
		C72A1DAE1C062EB800A3DBB0 /* Debug */ = {
			isa = XCBuildConfiguration;
			buildSettings = {
				ALWAYS_SEARCH_USER_PATHS = NO;
				CLANG_CXX_LANGUAGE_STANDARD = "gnu++0x";
				CLANG_CXX_LIBRARY = "libc++";
				CLANG_ENABLE_MODULES = YES;
				CLANG_ENABLE_OBJC_ARC = YES;
				CLANG_WARN_BOOL_CONVERSION = YES;
				CLANG_WARN_CONSTANT_CONVERSION = YES;
				CLANG_WARN_DIRECT_OBJC_ISA_USAGE = YES_ERROR;
				CLANG_WARN_EMPTY_BODY = YES;
				CLANG_WARN_ENUM_CONVERSION = YES;
				CLANG_WARN_INT_CONVERSION = YES;
				CLANG_WARN_OBJC_ROOT_CLASS = YES_ERROR;
				CLANG_WARN_UNREACHABLE_CODE = YES;
				CLANG_WARN__DUPLICATE_METHOD_MATCH = YES;
				"CODE_SIGN_IDENTITY[sdk=iphoneos*]" = "iPhone Developer";
				COPY_PHASE_STRIP = NO;
				DEBUG_INFORMATION_FORMAT = dwarf;
				ENABLE_STRICT_OBJC_MSGSEND = YES;
				ENABLE_TESTABILITY = YES;
				GCC_C_LANGUAGE_STANDARD = gnu99;
				GCC_DYNAMIC_NO_PIC = NO;
				GCC_NO_COMMON_BLOCKS = YES;
				GCC_OPTIMIZATION_LEVEL = 0;
				GCC_PREPROCESSOR_DEFINITIONS = (
					"DEBUG=1",
					"$(inherited)",
				);
				GCC_WARN_64_TO_32_BIT_CONVERSION = YES;
				GCC_WARN_ABOUT_RETURN_TYPE = YES_ERROR;
				GCC_WARN_UNDECLARED_SELECTOR = YES;
				GCC_WARN_UNINITIALIZED_AUTOS = YES_AGGRESSIVE;
				GCC_WARN_UNUSED_FUNCTION = YES;
				GCC_WARN_UNUSED_VARIABLE = YES;
				IPHONEOS_DEPLOYMENT_TARGET = 9.1;
				MTL_ENABLE_DEBUG_INFO = YES;
				ONLY_ACTIVE_ARCH = YES;
				SDKROOT = iphoneos;
				SWIFT_OPTIMIZATION_LEVEL = "-Onone";
			};
			name = Debug;
		};
		C72A1DAF1C062EB800A3DBB0 /* Release */ = {
			isa = XCBuildConfiguration;
			buildSettings = {
				ALWAYS_SEARCH_USER_PATHS = NO;
				CLANG_CXX_LANGUAGE_STANDARD = "gnu++0x";
				CLANG_CXX_LIBRARY = "libc++";
				CLANG_ENABLE_MODULES = YES;
				CLANG_ENABLE_OBJC_ARC = YES;
				CLANG_WARN_BOOL_CONVERSION = YES;
				CLANG_WARN_CONSTANT_CONVERSION = YES;
				CLANG_WARN_DIRECT_OBJC_ISA_USAGE = YES_ERROR;
				CLANG_WARN_EMPTY_BODY = YES;
				CLANG_WARN_ENUM_CONVERSION = YES;
				CLANG_WARN_INT_CONVERSION = YES;
				CLANG_WARN_OBJC_ROOT_CLASS = YES_ERROR;
				CLANG_WARN_UNREACHABLE_CODE = YES;
				CLANG_WARN__DUPLICATE_METHOD_MATCH = YES;
				"CODE_SIGN_IDENTITY[sdk=iphoneos*]" = "iPhone Developer";
				COPY_PHASE_STRIP = NO;
				DEBUG_INFORMATION_FORMAT = "dwarf-with-dsym";
				ENABLE_NS_ASSERTIONS = NO;
				ENABLE_STRICT_OBJC_MSGSEND = YES;
				GCC_C_LANGUAGE_STANDARD = gnu99;
				GCC_NO_COMMON_BLOCKS = YES;
				GCC_WARN_64_TO_32_BIT_CONVERSION = YES;
				GCC_WARN_ABOUT_RETURN_TYPE = YES_ERROR;
				GCC_WARN_UNDECLARED_SELECTOR = YES;
				GCC_WARN_UNINITIALIZED_AUTOS = YES_AGGRESSIVE;
				GCC_WARN_UNUSED_FUNCTION = YES;
				GCC_WARN_UNUSED_VARIABLE = YES;
				IPHONEOS_DEPLOYMENT_TARGET = 9.1;
				MTL_ENABLE_DEBUG_INFO = NO;
				SDKROOT = iphoneos;
				VALIDATE_PRODUCT = YES;
			};
			name = Release;
		};
		C72A1DB11C062EB800A3DBB0 /* Debug */ = {
			isa = XCBuildConfiguration;
			buildSettings = {
				ASSETCATALOG_COMPILER_APPICON_NAME = AppIcon;
				INFOPLIST_FILE = MultipeerChatDemo/Info.plist;
				LD_RUNPATH_SEARCH_PATHS = "$(inherited) @executable_path/Frameworks";
				PRODUCT_BUNDLE_IDENTIFIER = com.osatou.MultipeerChatDemo;
				PRODUCT_NAME = "$(TARGET_NAME)";
			};
			name = Debug;
		};
		C72A1DB21C062EB800A3DBB0 /* Release */ = {
			isa = XCBuildConfiguration;
			buildSettings = {
				ASSETCATALOG_COMPILER_APPICON_NAME = AppIcon;
				INFOPLIST_FILE = MultipeerChatDemo/Info.plist;
				LD_RUNPATH_SEARCH_PATHS = "$(inherited) @executable_path/Frameworks";
				PRODUCT_BUNDLE_IDENTIFIER = com.osatou.MultipeerChatDemo;
				PRODUCT_NAME = "$(TARGET_NAME)";
			};
			name = Release;
		};
		C72A1DB41C062EB800A3DBB0 /* Debug */ = {
			isa = XCBuildConfiguration;
			buildSettings = {
				BUNDLE_LOADER = "$(TEST_HOST)";
				INFOPLIST_FILE = MultipeerChatDemoTests/Info.plist;
				LD_RUNPATH_SEARCH_PATHS = "$(inherited) @executable_path/Frameworks @loader_path/Frameworks";
				PRODUCT_BUNDLE_IDENTIFIER = com.osatou.MultipeerChatDemoTests;
				PRODUCT_NAME = "$(TARGET_NAME)";
				TEST_HOST = "$(BUILT_PRODUCTS_DIR)/MultipeerChatDemo.app/MultipeerChatDemo";
			};
			name = Debug;
		};
		C72A1DB51C062EB800A3DBB0 /* Release */ = {
			isa = XCBuildConfiguration;
			buildSettings = {
				BUNDLE_LOADER = "$(TEST_HOST)";
				INFOPLIST_FILE = MultipeerChatDemoTests/Info.plist;
				LD_RUNPATH_SEARCH_PATHS = "$(inherited) @executable_path/Frameworks @loader_path/Frameworks";
				PRODUCT_BUNDLE_IDENTIFIER = com.osatou.MultipeerChatDemoTests;
				PRODUCT_NAME = "$(TARGET_NAME)";
				TEST_HOST = "$(BUILT_PRODUCTS_DIR)/MultipeerChatDemo.app/MultipeerChatDemo";
			};
			name = Release;
		};
		C72A1DB71C062EB800A3DBB0 /* Debug */ = {
			isa = XCBuildConfiguration;
			buildSettings = {
				INFOPLIST_FILE = MultipeerChatDemoUITests/Info.plist;
				LD_RUNPATH_SEARCH_PATHS = "$(inherited) @executable_path/Frameworks @loader_path/Frameworks";
				PRODUCT_BUNDLE_IDENTIFIER = com.osatou.MultipeerChatDemoUITests;
				PRODUCT_NAME = "$(TARGET_NAME)";
				TEST_TARGET_NAME = MultipeerChatDemo;
				USES_XCTRUNNER = YES;
			};
			name = Debug;
		};
		C72A1DB81C062EB800A3DBB0 /* Release */ = {
			isa = XCBuildConfiguration;
			buildSettings = {
				INFOPLIST_FILE = MultipeerChatDemoUITests/Info.plist;
				LD_RUNPATH_SEARCH_PATHS = "$(inherited) @executable_path/Frameworks @loader_path/Frameworks";
				PRODUCT_BUNDLE_IDENTIFIER = com.osatou.MultipeerChatDemoUITests;
				PRODUCT_NAME = "$(TARGET_NAME)";
				TEST_TARGET_NAME = MultipeerChatDemo;
				USES_XCTRUNNER = YES;
			};
			name = Release;
		};
/* End XCBuildConfiguration section */

/* Begin XCConfigurationList section */
		C72A1D831C062EB800A3DBB0 /* Build configuration list for PBXProject "MultipeerChatDemo" */ = {
			isa = XCConfigurationList;
			buildConfigurations = (
				C72A1DAE1C062EB800A3DBB0 /* Debug */,
				C72A1DAF1C062EB800A3DBB0 /* Release */,
			);
			defaultConfigurationIsVisible = 0;
			defaultConfigurationName = Release;
		};
		C72A1DB01C062EB800A3DBB0 /* Build configuration list for PBXNativeTarget "MultipeerChatDemo" */ = {
			isa = XCConfigurationList;
			buildConfigurations = (
				C72A1DB11C062EB800A3DBB0 /* Debug */,
				C72A1DB21C062EB800A3DBB0 /* Release */,
			);
			defaultConfigurationIsVisible = 0;
		};
		C72A1DB31C062EB800A3DBB0 /* Build configuration list for PBXNativeTarget "MultipeerChatDemoTests" */ = {
			isa = XCConfigurationList;
			buildConfigurations = (
				C72A1DB41C062EB800A3DBB0 /* Debug */,
				C72A1DB51C062EB800A3DBB0 /* Release */,
			);
			defaultConfigurationIsVisible = 0;
		};
		C72A1DB61C062EB800A3DBB0 /* Build configuration list for PBXNativeTarget "MultipeerChatDemoUITests" */ = {
			isa = XCConfigurationList;
			buildConfigurations = (
				C72A1DB71C062EB800A3DBB0 /* Debug */,
				C72A1DB81C062EB800A3DBB0 /* Release */,
			);
			defaultConfigurationIsVisible = 0;
		};
/* End XCConfigurationList section */
	};
	rootObject = C72A1D801C062EB800A3DBB0 /* Project object */;
}
